
Microsoft Visual Studio Solution File, Format Version 12.00
# Visual Studio 14
VisualStudioVersion = 14.0.24720.0
MinimumVisualStudioVersion = 10.0.40219.1
Project("{FAE04EC0-301F-11D3-BF4B-00C04F79EFBC}") = "Turnierplan Software", "Turnierplan Software\Turnierplan Software.csproj", "{884286AD-52FA-48F3-A8C4-1C4EC449C52D}"
EndProject
Project("{FAE04EC0-301F-11D3-BF4B-00C04F79EFBC}") = "Turnierklassen", "Turnierklassen\Turnierklassen.csproj", "{8AD5ADBD-E645-441F-A55F-61F9CE56A68A}"
EndProject
Project("{FAE04EC0-301F-11D3-BF4B-00C04F79EFBC}") = "TurnierklassenTests", "TurnierklassenTests\TurnierklassenTests.csproj", "{A9B96155-4A21-4333-BE0F-AAFF23923920}"
EndProject
Project("{FAE04EC0-301F-11D3-BF4B-00C04F79EFBC}") = "Turnier Prefabs", "Turnier Prefabs\Turnier Prefabs.csproj", "{5A2B44A0-A0A9-40B0-9AF0-DAA8CB69A32C}"
EndProject
Project("{FAE04EC0-301F-11D3-BF4B-00C04F79EFBC}") = "Turnier_Controller", "Turnier_Controller\Turnier_Controller.csproj", "{A4CBD415-3239-4C38-954B-AEB810248C6F}"
EndProject
Global
	GlobalSection(SolutionConfigurationPlatforms) = preSolution
		Debug|Any CPU = Debug|Any CPU
		Release|Any CPU = Release|Any CPU
	EndGlobalSection
	GlobalSection(ProjectConfigurationPlatforms) = postSolution
		{884286AD-52FA-48F3-A8C4-1C4EC449C52D}.Debug|Any CPU.ActiveCfg = Debug|Any CPU
		{884286AD-52FA-48F3-A8C4-1C4EC449C52D}.Debug|Any CPU.Build.0 = Debug|Any CPU
		{884286AD-52FA-48F3-A8C4-1C4EC449C52D}.Release|Any CPU.ActiveCfg = Release|Any CPU
		{8AD5ADBD-E645-441F-A55F-61F9CE56A68A}.Debug|Any CPU.ActiveCfg = Debug|Any CPU
		{8AD5ADBD-E645-441F-A55F-61F9CE56A68A}.Debug|Any CPU.Build.0 = Debug|Any CPU
		{8AD5ADBD-E645-441F-A55F-61F9CE56A68A}.Release|Any CPU.ActiveCfg = Release|Any CPU
		{A9B96155-4A21-4333-BE0F-AAFF23923920}.Debug|Any CPU.ActiveCfg = Debug|Any CPU
		{A9B96155-4A21-4333-BE0F-AAFF23923920}.Debug|Any CPU.Build.0 = Debug|Any CPU
		{A9B96155-4A21-4333-BE0F-AAFF23923920}.Release|Any CPU.ActiveCfg = Release|Any CPU
		{5A2B44A0-A0A9-40B0-9AF0-DAA8CB69A32C}.Debug|Any CPU.ActiveCfg = Debug|Any CPU
		{5A2B44A0-A0A9-40B0-9AF0-DAA8CB69A32C}.Debug|Any CPU.Build.0 = Debug|Any CPU
		{5A2B44A0-A0A9-40B0-9AF0-DAA8CB69A32C}.Release|Any CPU.ActiveCfg = Release|Any CPU
		{A4CBD415-3239-4C38-954B-AEB810248C6F}.Debug|Any CPU.ActiveCfg = Debug|Any CPU
		{A4CBD415-3239-4C38-954B-AEB810248C6F}.Debug|Any CPU.Build.0 = Debug|Any CPU
		{A4CBD415-3239-4C38-954B-AEB810248C6F}.Release|Any CPU.ActiveCfg = Release|Any CPU
	EndGlobalSection
	GlobalSection(SolutionProperties) = preSolution
		HideSolutionNode = FALSE
	EndGlobalSection
EndGlobal
